// !$*UTF8*$!
{
	archiveVersion = 1;
	classes = {
	};
	objectVersion = 46;
	objects = {

/* Begin PBXBuildFile section */
		030D40D916D6A6B700E5016E /* lel.jpg in Resources */ = {isa = PBXBuildFile; fileRef = 030D40D816D6A6B700E5016E /* lel.jpg */; };
		030D40DB16D6ACE700E5016E /* AudioToolbox.framework in Frameworks */ = {isa = PBXBuildFile; fileRef = 030D40DA16D6ACE700E5016E /* AudioToolbox.framework */; };
		030D40DC16D6ADB000E5016E /* siri.caf in Resources */ = {isa = PBXBuildFile; fileRef = 030D40D716D6A5BA00E5016E /* siri.caf */; };
		030D40DE16D6C6C100E5016E /* icon@2x.png in Resources */ = {isa = PBXBuildFile; fileRef = 030D40DD16D6C6C100E5016E /* icon@2x.png */; };
		030D40E116D6D32C00E5016E /* CoreLocation.framework in Frameworks */ = {isa = PBXBuildFile; fileRef = 030D40E016D6D32C00E5016E /* CoreLocation.framework */; };
		0343063F16D693AC000E8B58 /* UIKit.framework in Frameworks */ = {isa = PBXBuildFile; fileRef = 0343063E16D693AC000E8B58 /* UIKit.framework */; };
		0343064116D693AC000E8B58 /* Foundation.framework in Frameworks */ = {isa = PBXBuildFile; fileRef = 0343064016D693AC000E8B58 /* Foundation.framework */; };
		0343064316D693AC000E8B58 /* CoreGraphics.framework in Frameworks */ = {isa = PBXBuildFile; fileRef = 0343064216D693AC000E8B58 /* CoreGraphics.framework */; };
		0343064916D693AC000E8B58 /* InfoPlist.strings in Resources */ = {isa = PBXBuildFile; fileRef = 0343064716D693AC000E8B58 /* InfoPlist.strings */; };
		0343064B16D693AC000E8B58 /* main.m in Sources */ = {isa = PBXBuildFile; fileRef = 0343064A16D693AC000E8B58 /* main.m */; };
		0343064F16D693AD000E8B58 /* QCAppDelegate.m in Sources */ = {isa = PBXBuildFile; fileRef = 0343064E16D693AD000E8B58 /* QCAppDelegate.m */; };
		0343065116D693AD000E8B58 /* Default.png in Resources */ = {isa = PBXBuildFile; fileRef = 0343065016D693AD000E8B58 /* Default.png */; };
		0343065316D693AD000E8B58 /* Default@2x.png in Resources */ = {isa = PBXBuildFile; fileRef = 0343065216D693AD000E8B58 /* Default@2x.png */; };
		0343065516D693AD000E8B58 /* Default-568h@2x.png in Resources */ = {isa = PBXBuildFile; fileRef = 0343065416D693AD000E8B58 /* Default-568h@2x.png */; };
		0343065816D693AD000E8B58 /* MainStoryboard.storyboard in Resources */ = {isa = PBXBuildFile; fileRef = 0343065616D693AD000E8B58 /* MainStoryboard.storyboard */; };
		0343065B16D693AD000E8B58 /* QCMainViewController.m in Sources */ = {isa = PBXBuildFile; fileRef = 0343065A16D693AD000E8B58 /* QCMainViewController.m */; };
		0343065E16D693AD000E8B58 /* QCFlipsideViewController.m in Sources */ = {isa = PBXBuildFile; fileRef = 0343065D16D693AD000E8B58 /* QCFlipsideViewController.m */; };
/* End PBXBuildFile section */

/* Begin PBXFileReference section */
		030D40D516D69F2C00E5016E /* VoiceServices.framework */ = {isa = PBXFileReference; lastKnownFileType = wrapper.framework; name = VoiceServices.framework; path = System/Library/PrivateFrameworks/VoiceServices.framework; sourceTree = SDKROOT; };
		030D40D716D6A5BA00E5016E /* siri.caf */ = {isa = PBXFileReference; lastKnownFileType = file; path = siri.caf; sourceTree = "<group>"; };
		030D40D816D6A6B700E5016E /* lel.jpg */ = {isa = PBXFileReference; lastKnownFileType = image.jpeg; path = lel.jpg; sourceTree = "<group>"; };
		030D40DA16D6ACE700E5016E /* AudioToolbox.framework */ = {isa = PBXFileReference; lastKnownFileType = wrapper.framework; name = AudioToolbox.framework; path = System/Library/Frameworks/AudioToolbox.framework; sourceTree = SDKROOT; };
		030D40DD16D6C6C100E5016E /* icon@2x.png */ = {isa = PBXFileReference; lastKnownFileType = image.png; path = "icon@2x.png"; sourceTree = "<group>"; };
		030D40DF16D6CEAF00E5016E /* und-h.entitlements */ = {isa = PBXFileReference; lastKnownFileType = text.xml; path = "und-h.entitlements"; sourceTree = "<group>"; };
		030D40E016D6D32C00E5016E /* CoreLocation.framework */ = {isa = PBXFileReference; lastKnownFileType = wrapper.framework; name = CoreLocation.framework; path = System/Library/Frameworks/CoreLocation.framework; sourceTree = SDKROOT; };
		0343063B16D693AC000E8B58 /* und-h.app */ = {isa = PBXFileReference; explicitFileType = wrapper.application; includeInIndex = 0; path = "und-h.app"; sourceTree = BUILT_PRODUCTS_DIR; };
		0343063E16D693AC000E8B58 /* UIKit.framework */ = {isa = PBXFileReference; lastKnownFileType = wrapper.framework; name = UIKit.framework; path = System/Library/Frameworks/UIKit.framework; sourceTree = SDKROOT; };
		0343064016D693AC000E8B58 /* Foundation.framework */ = {isa = PBXFileReference; lastKnownFileType = wrapper.framework; name = Foundation.framework; path = System/Library/Frameworks/Foundation.framework; sourceTree = SDKROOT; };
		0343064216D693AC000E8B58 /* CoreGraphics.framework */ = {isa = PBXFileReference; lastKnownFileType = wrapper.framework; name = CoreGraphics.framework; path = System/Library/Frameworks/CoreGraphics.framework; sourceTree = SDKROOT; };
		0343064616D693AC000E8B58 /* und-h-Info.plist */ = {isa = PBXFileReference; lastKnownFileType = text.plist.xml; path = "und-h-Info.plist"; sourceTree = "<group>"; };
		0343064816D693AC000E8B58 /* en */ = {isa = PBXFileReference; lastKnownFileType = text.plist.strings; name = en; path = en.lproj/InfoPlist.strings; sourceTree = "<group>"; };
		0343064A16D693AC000E8B58 /* main.m */ = {isa = PBXFileReference; lastKnownFileType = sourcecode.c.objc; path = main.m; sourceTree = "<group>"; };
		0343064C16D693AC000E8B58 /* und-h-Prefix.pch */ = {isa = PBXFileReference; lastKnownFileType = sourcecode.c.h; path = "und-h-Prefix.pch"; sourceTree = "<group>"; };
		0343064D16D693AC000E8B58 /* QCAppDelegate.h */ = {isa = PBXFileReference; lastKnownFileType = sourcecode.c.h; path = QCAppDelegate.h; sourceTree = "<group>"; };
		0343064E16D693AD000E8B58 /* QCAppDelegate.m */ = {isa = PBXFileReference; lastKnownFileType = sourcecode.c.objc; path = QCAppDelegate.m; sourceTree = "<group>"; };
		0343065016D693AD000E8B58 /* Default.png */ = {isa = PBXFileReference; lastKnownFileType = image.png; path = Default.png; sourceTree = "<group>"; };
		0343065216D693AD000E8B58 /* Default@2x.png */ = {isa = PBXFileReference; lastKnownFileType = image.png; path = "Default@2x.png"; sourceTree = "<group>"; };
		0343065416D693AD000E8B58 /* Default-568h@2x.png */ = {isa = PBXFileReference; lastKnownFileType = image.png; path = "Default-568h@2x.png"; sourceTree = "<group>"; };
		0343065716D693AD000E8B58 /* en */ = {isa = PBXFileReference; lastKnownFileType = file.storyboard; name = en; path = en.lproj/MainStoryboard.storyboard; sourceTree = "<group>"; };
		0343065916D693AD000E8B58 /* QCMainViewController.h */ = {isa = PBXFileReference; lastKnownFileType = sourcecode.c.h; path = QCMainViewController.h; sourceTree = "<group>"; };
		0343065A16D693AD000E8B58 /* QCMainViewController.m */ = {isa = PBXFileReference; lastKnownFileType = sourcecode.c.objc; path = QCMainViewController.m; sourceTree = "<group>"; };
		0343065C16D693AD000E8B58 /* QCFlipsideViewController.h */ = {isa = PBXFileReference; lastKnownFileType = sourcecode.c.h; path = QCFlipsideViewController.h; sourceTree = "<group>"; };
		0343065D16D693AD000E8B58 /* QCFlipsideViewController.m */ = {isa = PBXFileReference; lastKnownFileType = sourcecode.c.objc; path = QCFlipsideViewController.m; sourceTree = "<group>"; };
/* End PBXFileReference section */

/* Begin PBXFrameworksBuildPhase section */
		0343063816D693AC000E8B58 /* Frameworks */ = {
			isa = PBXFrameworksBuildPhase;
			buildActionMask = 2147483647;
			files = (
				030D40E116D6D32C00E5016E /* CoreLocation.framework in Frameworks */,
				030D40DB16D6ACE700E5016E /* AudioToolbox.framework in Frameworks */,
				0343063F16D693AC000E8B58 /* UIKit.framework in Frameworks */,
				0343064116D693AC000E8B58 /* Foundation.framework in Frameworks */,
				0343064316D693AC000E8B58 /* CoreGraphics.framework in Frameworks */,
			);
			runOnlyForDeploymentPostprocessing = 0;
		};
/* End PBXFrameworksBuildPhase section */

/* Begin PBXGroup section */
		0343063216D693AC000E8B58 = {
			isa = PBXGroup;
			children = (
				030D40E016D6D32C00E5016E /* CoreLocation.framework */,
				030D40DD16D6C6C100E5016E /* icon@2x.png */,
				030D40DA16D6ACE700E5016E /* AudioToolbox.framework */,
				030D40D516D69F2C00E5016E /* VoiceServices.framework */,
				0343064416D693AC000E8B58 /* und-h */,
				0343063D16D693AC000E8B58 /* Frameworks */,
				0343063C16D693AC000E8B58 /* Products */,
			);
			sourceTree = "<group>";
		};
		0343063C16D693AC000E8B58 /* Products */ = {
			isa = PBXGroup;
			children = (
				0343063B16D693AC000E8B58 /* und-h.app */,
			);
			name = Products;
			sourceTree = "<group>";
		};
		0343063D16D693AC000E8B58 /* Frameworks */ = {
			isa = PBXGroup;
			children = (
				0343063E16D693AC000E8B58 /* UIKit.framework */,
				0343064016D693AC000E8B58 /* Foundation.framework */,
				0343064216D693AC000E8B58 /* CoreGraphics.framework */,
			);
			name = Frameworks;
			sourceTree = "<group>";
		};
		0343064416D693AC000E8B58 /* und-h */ = {
			isa = PBXGroup;
			children = (
				030D40DF16D6CEAF00E5016E /* und-h.entitlements */,
				0343064D16D693AC000E8B58 /* QCAppDelegate.h */,
				0343064E16D693AD000E8B58 /* QCAppDelegate.m */,
				0343065616D693AD000E8B58 /* MainStoryboard.storyboard */,
				0343065916D693AD000E8B58 /* QCMainViewController.h */,
				0343065A16D693AD000E8B58 /* QCMainViewController.m */,
				0343065C16D693AD000E8B58 /* QCFlipsideViewController.h */,
				0343065D16D693AD000E8B58 /* QCFlipsideViewController.m */,
				0343064516D693AC000E8B58 /* Supporting Files */,
			);
			path = "und-h";
			sourceTree = "<group>";
		};
		0343064516D693AC000E8B58 /* Supporting Files */ = {
			isa = PBXGroup;
			children = (
				030D40D816D6A6B700E5016E /* lel.jpg */,
				030D40D716D6A5BA00E5016E /* siri.caf */,
				0343064616D693AC000E8B58 /* und-h-Info.plist */,
				0343064716D693AC000E8B58 /* InfoPlist.strings */,
				0343064A16D693AC000E8B58 /* main.m */,
				0343064C16D693AC000E8B58 /* und-h-Prefix.pch */,
				0343065016D693AD000E8B58 /* Default.png */,
				0343065216D693AD000E8B58 /* Default@2x.png */,
				0343065416D693AD000E8B58 /* Default-568h@2x.png */,
			);
			name = "Supporting Files";
			sourceTree = "<group>";
		};
/* End PBXGroup section */

/* Begin PBXNativeTarget section */
		0343063A16D693AC000E8B58 /* und-h */ = {
			isa = PBXNativeTarget;
			buildConfigurationList = 0343066116D693AD000E8B58 /* Build configuration list for PBXNativeTarget "und-h" */;
			buildPhases = (
				0343063716D693AC000E8B58 /* Sources */,
				0343063816D693AC000E8B58 /* Frameworks */,
				0343063916D693AC000E8B58 /* Resources */,
			);
			buildRules = (
			);
			dependencies = (
			);
			name = "und-h";
			productName = "und-h";
			productReference = 0343063B16D693AC000E8B58 /* und-h.app */;
			productType = "com.apple.product-type.application";
		};
/* End PBXNativeTarget section */

/* Begin PBXProject section */
		0343063316D693AC000E8B58 /* Project object */ = {
			isa = PBXProject;
			attributes = {
				CLASSPREFIX = QC;
				LastUpgradeCheck = 0460;
				ORGANIZATIONNAME = QuantumCow;
			};
			buildConfigurationList = 0343063616D693AC000E8B58 /* Build configuration list for PBXProject "und-h" */;
			compatibilityVersion = "Xcode 3.2";
			developmentRegion = English;
			hasScannedForEncodings = 0;
			knownRegions = (
				en,
			);
			mainGroup = 0343063216D693AC000E8B58;
			productRefGroup = 0343063C16D693AC000E8B58 /* Products */;
			projectDirPath = "";
			projectRoot = "";
			targets = (
				0343063A16D693AC000E8B58 /* und-h */,
			);
		};
/* End PBXProject section */

/* Begin PBXResourcesBuildPhase section */
		0343063916D693AC000E8B58 /* Resources */ = {
			isa = PBXResourcesBuildPhase;
			buildActionMask = 2147483647;
			files = (
				030D40DC16D6ADB000E5016E /* siri.caf in Resources */,
				0343064916D693AC000E8B58 /* InfoPlist.strings in Resources */,
				0343065116D693AD000E8B58 /* Default.png in Resources */,
				0343065316D693AD000E8B58 /* Default@2x.png in Resources */,
				0343065516D693AD000E8B58 /* Default-568h@2x.png in Resources */,
				0343065816D693AD000E8B58 /* MainStoryboard.storyboard in Resources */,
				030D40D916D6A6B700E5016E /* lel.jpg in Resources */,
				030D40DE16D6C6C100E5016E /* icon@2x.png in Resources */,
			);
			runOnlyForDeploymentPostprocessing = 0;
		};
/* End PBXResourcesBuildPhase section */

/* Begin PBXSourcesBuildPhase section */
		0343063716D693AC000E8B58 /* Sources */ = {
			isa = PBXSourcesBuildPhase;
			buildActionMask = 2147483647;
			files = (
				0343064B16D693AC000E8B58 /* main.m in Sources */,
				0343064F16D693AD000E8B58 /* QCAppDelegate.m in Sources */,
				0343065B16D693AD000E8B58 /* QCMainViewController.m in Sources */,
				0343065E16D693AD000E8B58 /* QCFlipsideViewController.m in Sources */,
			);
			runOnlyForDeploymentPostprocessing = 0;
		};
/* End PBXSourcesBuildPhase section */

/* Begin PBXVariantGroup section */
		0343064716D693AC000E8B58 /* InfoPlist.strings */ = {
			isa = PBXVariantGroup;
			children = (
				0343064816D693AC000E8B58 /* en */,
			);
			name = InfoPlist.strings;
			sourceTree = "<group>";
		};
		0343065616D693AD000E8B58 /* MainStoryboard.storyboard */ = {
			isa = PBXVariantGroup;
			children = (
				0343065716D693AD000E8B58 /* en */,
			);
			name = MainStoryboard.storyboard;
			sourceTree = "<group>";
		};
/* End PBXVariantGroup section */

/* Begin XCBuildConfiguration section */
		0343065F16D693AD000E8B58 /* Debug */ = {
			isa = XCBuildConfiguration;
			buildSettings = {
				ALWAYS_SEARCH_USER_PATHS = NO;
				CLANG_CXX_LANGUAGE_STANDARD = "gnu++0x";
				CLANG_CXX_LIBRARY = "libc++";
				CLANG_ENABLE_OBJC_ARC = YES;
				CLANG_WARN_CONSTANT_CONVERSION = YES;
				CLANG_WARN_EMPTY_BODY = YES;
				CLANG_WARN_ENUM_CONVERSION = YES;
				CLANG_WARN_INT_CONVERSION = YES;
				CLANG_WARN__DUPLICATE_METHOD_MATCH = YES;
				"CODE_SIGN_IDENTITY[sdk=iphoneos*]" = "iPhone Developer";
				COPY_PHASE_STRIP = NO;
				GCC_C_LANGUAGE_STANDARD = gnu99;
				GCC_DYNAMIC_NO_PIC = NO;
				GCC_OPTIMIZATION_LEVEL = 0;
				GCC_PREPROCESSOR_DEFINITIONS = (
					"DEBUG=1",
					"$(inherited)",
				);
				GCC_SYMBOLS_PRIVATE_EXTERN = NO;
				GCC_WARN_ABOUT_RETURN_TYPE = YES;
				GCC_WARN_UNINITIALIZED_AUTOS = YES;
				GCC_WARN_UNUSED_VARIABLE = YES;
				IPHONEOS_DEPLOYMENT_TARGET = 6.1;
				ONLY_ACTIVE_ARCH = YES;
				SDKROOT = iphoneos;
			};
			name = Debug;
		};
		0343066016D693AD000E8B58 /* Release */ = {
			isa = XCBuildConfiguration;
			buildSettings = {
				ALWAYS_SEARCH_USER_PATHS = NO;
				CLANG_CXX_LANGUAGE_STANDARD = "gnu++0x";
				CLANG_CXX_LIBRARY = "libc++";
				CLANG_ENABLE_OBJC_ARC = YES;
				CLANG_WARN_CONSTANT_CONVERSION = YES;
				CLANG_WARN_EMPTY_BODY = YES;
				CLANG_WARN_ENUM_CONVERSION = YES;
				CLANG_WARN_INT_CONVERSION = YES;
				CLANG_WARN__DUPLICATE_METHOD_MATCH = YES;
				"CODE_SIGN_IDENTITY[sdk=iphoneos*]" = "iPhone Developer";
				COPY_PHASE_STRIP = YES;
				GCC_C_LANGUAGE_STANDARD = gnu99;
				GCC_WARN_ABOUT_RETURN_TYPE = YES;
				GCC_WARN_UNINITIALIZED_AUTOS = YES;
				GCC_WARN_UNUSED_VARIABLE = YES;
				IPHONEOS_DEPLOYMENT_TARGET = 6.1;
				OTHER_CFLAGS = "-DNS_BLOCK_ASSERTIONS=1";
				SDKROOT = iphoneos;
				VALIDATE_PRODUCT = YES;
			};
			name = Release;
		};
		0343066216D693AD000E8B58 /* Debug */ = {
			isa = XCBuildConfiguration;
			buildSettings = {
				FRAMEWORK_SEARCH_PATHS = (
					"$(inherited)",
					"\"$(SDKROOT)$(SYSTEM_LIBRARY_DIR)/PrivateFrameworks\"",
				);
				GCC_PRECOMPILE_PREFIX_HEADER = YES;
				GCC_PREFIX_HEADER = "und-h/und-h-Prefix.pch";
				INFOPLIST_FILE = "und-h/und-h-Info.plist";
				PRODUCT_NAME = "$(TARGET_NAME)";
				WRAPPER_EXTENSION = app;
			};
			name = Debug;
		};
		0343066316D693AD000E8B58 /* Release */ = {
			isa = XCBuildConfiguration;
			buildSettings = {
				FRAMEWORK_SEARCH_PATHS = (
					"$(inherited)",
					"\"$(SDKROOT)$(SYSTEM_LIBRARY_DIR)/PrivateFrameworks\"",
				);
				GCC_PRECOMPILE_PREFIX_HEADER = YES;
				GCC_PREFIX_HEADER = "und-h/und-h-Prefix.pch";
				INFOPLIST_FILE = "und-h/und-h-Info.plist";
				PRODUCT_NAME = "$(TARGET_NAME)";
				WRAPPER_EXTENSION = app;
			};
			name = Release;
		};
/* End XCBuildConfiguration section */

/* Begin XCConfigurationList section */
		0343063616D693AC000E8B58 /* Build configuration list for PBXProject "und-h" */ = {
			isa = XCConfigurationList;
			buildConfigurations = (
				0343065F16D693AD000E8B58 /* Debug */,
				0343066016D693AD000E8B58 /* Release */,
			);
			defaultConfigurationIsVisible = 0;
			defaultConfigurationName = Release;
		};
		0343066116D693AD000E8B58 /* Build configuration list for PBXNativeTarget "und-h" */ = {
			isa = XCConfigurationList;
			buildConfigurations = (
				0343066216D693AD000E8B58 /* Debug */,
				0343066316D693AD000E8B58 /* Release */,
			);
			defaultConfigurationIsVisible = 0;
			defaultConfigurationName = Release;
		};
/* End XCConfigurationList section */
	};
	rootObject = 0343063316D693AC000E8B58 /* Project object */;
}
